// !$*UTF8*$!
{
	archiveVersion = 1;
	classes = {
	};
	objectVersion = 46;
	objects = {

/* Begin PBXBuildFile section */
		5F8671B19F4521C1BB30C10E /* Pods_fascia_ios.framework in Frameworks */ = {isa = PBXBuildFile; fileRef = 16D2F05040D44D1E1FE11135 /* Pods_fascia_ios.framework */; };
		E906403A1CE22F91008367F0 /* UIImage+String.swift in Sources */ = {isa = PBXBuildFile; fileRef = E90640391CE22F91008367F0 /* UIImage+String.swift */; };
		E928659B1CD8DDC100D2EF07 /* HUDManager.swift in Sources */ = {isa = PBXBuildFile; fileRef = E928659A1CD8DDC100D2EF07 /* HUDManager.swift */; };
		E92DCF531CF9992400D9E348 /* AddTaskTableViewCell.swift in Sources */ = {isa = PBXBuildFile; fileRef = E92DCF521CF9992400D9E348 /* AddTaskTableViewCell.swift */; };
		E92DCF561CF9993B00D9E348 /* NewListColorTableViewCell.swift in Sources */ = {isa = PBXBuildFile; fileRef = E92DCF541CF9993B00D9E348 /* NewListColorTableViewCell.swift */; };
		E92DCF571CF9993B00D9E348 /* NewListTitleTableViewCell.swift in Sources */ = {isa = PBXBuildFile; fileRef = E92DCF551CF9993B00D9E348 /* NewListTitleTableViewCell.swift */; };
		E93D82AC1E6338CC00A10D79 /* TaskTableViewController.swift in Sources */ = {isa = PBXBuildFile; fileRef = E93D82AB1E6338CC00A10D79 /* TaskTableViewController.swift */; };
		E93D82AE1E633DFF00A10D79 /* TaskViewModel.swift in Sources */ = {isa = PBXBuildFile; fileRef = E93D82AD1E633DFF00A10D79 /* TaskViewModel.swift */; };
		E93D82B01E633E5800A10D79 /* TaskAction.swift in Sources */ = {isa = PBXBuildFile; fileRef = E93D82AF1E633E5800A10D79 /* TaskAction.swift */; };
		E93D82B51E648A2200A10D79 /* Task.storyboard in Resources */ = {isa = PBXBuildFile; fileRef = E93D82B41E648A2200A10D79 /* Task.storyboard */; };
		E93D82B71E648C1100A10D79 /* TaskTitleTableViewCell.swift in Sources */ = {isa = PBXBuildFile; fileRef = E93D82B61E648C1100A10D79 /* TaskTitleTableViewCell.swift */; };
		E93D82B91E65B8EB00A10D79 /* TaskDescriptionTableViewCell.swift in Sources */ = {isa = PBXBuildFile; fileRef = E93D82B81E65B8EB00A10D79 /* TaskDescriptionTableViewCell.swift */; };
		E945E3311CEE2025002D1F01 /* NewTaskTableViewController.swift in Sources */ = {isa = PBXBuildFile; fileRef = E945E3301CEE2025002D1F01 /* NewTaskTableViewController.swift */; };
		E945E3371CEF5247002D1F01 /* NewTaskViewModel.swift in Sources */ = {isa = PBXBuildFile; fileRef = E945E3361CEF5247002D1F01 /* NewTaskViewModel.swift */; };
		E945E3391CEF52C1002D1F01 /* NewTask.swift in Sources */ = {isa = PBXBuildFile; fileRef = E945E3381CEF52C1002D1F01 /* NewTask.swift */; };
		E945E33B1CEF5A67002D1F01 /* NewTaskAction.swift in Sources */ = {isa = PBXBuildFile; fileRef = E945E33A1CEF5A67002D1F01 /* NewTaskAction.swift */; };
		E945E33D1CF00575002D1F01 /* ColorPickerViewController.swift in Sources */ = {isa = PBXBuildFile; fileRef = E945E33C1CF00575002D1F01 /* ColorPickerViewController.swift */; };
		E945E33F1CF0CBF7002D1F01 /* ColorPickerViewModel.swift in Sources */ = {isa = PBXBuildFile; fileRef = E945E33E1CF0CBF7002D1F01 /* ColorPickerViewModel.swift */; };
		E945E3411CF1F83E002D1F01 /* EditProjectTableViewController.swift in Sources */ = {isa = PBXBuildFile; fileRef = E945E3401CF1F83E002D1F01 /* EditProjectTableViewController.swift */; };
		E945E3431CF1F92D002D1F01 /* EditProjectTitleTableViewCell.swift in Sources */ = {isa = PBXBuildFile; fileRef = E945E3421CF1F92D002D1F01 /* EditProjectTitleTableViewCell.swift */; };
		E945E3451CF1FEEF002D1F01 /* EditProjectViewModel.swift in Sources */ = {isa = PBXBuildFile; fileRef = E945E3441CF1FEEF002D1F01 /* EditProjectViewModel.swift */; };
		E945E3471CF200DE002D1F01 /* EditProjectAction.swift in Sources */ = {isa = PBXBuildFile; fileRef = E945E3461CF200DE002D1F01 /* EditProjectAction.swift */; };
		E945E3491CF20328002D1F01 /* EditProject.swift in Sources */ = {isa = PBXBuildFile; fileRef = E945E3481CF20328002D1F01 /* EditProject.swift */; };
		E945E34B1CF3547B002D1F01 /* EditProjectDescriptionTableViewCell.swift in Sources */ = {isa = PBXBuildFile; fileRef = E945E34A1CF3547B002D1F01 /* EditProjectDescriptionTableViewCell.swift */; };
		E94C848520EFC47C00F5D487 /* ContactViewController.swift in Sources */ = {isa = PBXBuildFile; fileRef = E94C848420EFC47C00F5D487 /* ContactViewController.swift */; };
		E94C848720EFC71700F5D487 /* ContactViewModel.swift in Sources */ = {isa = PBXBuildFile; fileRef = E94C848620EFC71700F5D487 /* ContactViewModel.swift */; };
		E95104E71CE714F500754A51 /* InitialViewController.swift in Sources */ = {isa = PBXBuildFile; fileRef = E95104E61CE714F500754A51 /* InitialViewController.swift */; };
		E9571AD71CD2893E007A819F /* QuartzCore.framework in Frameworks */ = {isa = PBXBuildFile; fileRef = E9571AD61CD2893E007A819F /* QuartzCore.framework */; };
		E9571ADA1CD332FC007A819F /* ProjectsAction.swift in Sources */ = {isa = PBXBuildFile; fileRef = E9571AD91CD332FC007A819F /* ProjectsAction.swift */; };
		E9571ADC1CD35E86007A819F /* NewProjectTableViewController.swift in Sources */ = {isa = PBXBuildFile; fileRef = E9571ADB1CD35E86007A819F /* NewProjectTableViewController.swift */; };
		E9571ADE1CD36781007A819F /* NewProjectViewModel.swift in Sources */ = {isa = PBXBuildFile; fileRef = E9571ADD1CD36781007A819F /* NewProjectViewModel.swift */; };
		E9571AE11CD36B88007A819F /* ProjectTableViewCell.swift in Sources */ = {isa = PBXBuildFile; fileRef = E9571AE01CD36B88007A819F /* ProjectTableViewCell.swift */; };
		E9571AE31CD36BA8007A819F /* NewProjectTitleTableViewCell.swift in Sources */ = {isa = PBXBuildFile; fileRef = E9571AE21CD36BA7007A819F /* NewProjectTitleTableViewCell.swift */; };
		E9571AE71CD3AB92007A819F /* NewProjectDescriptionTableViewCell.swift in Sources */ = {isa = PBXBuildFile; fileRef = E9571AE61CD3AB92007A819F /* NewProjectDescriptionTableViewCell.swift */; };
		E9571AE91CD3C4FD007A819F /* NewProjectAction.swift in Sources */ = {isa = PBXBuildFile; fileRef = E9571AE81CD3C4FD007A819F /* NewProjectAction.swift */; };
		E95A8BCC1CF75849002382AE /* EditListTableViewController.swift in Sources */ = {isa = PBXBuildFile; fileRef = E95A8BCB1CF75849002382AE /* EditListTableViewController.swift */; };
		E95A8BCE1CF75A61002382AE /* EditListTitleTableViewCell.swift in Sources */ = {isa = PBXBuildFile; fileRef = E95A8BCD1CF75A61002382AE /* EditListTitleTableViewCell.swift */; };
		E95A8BD01CF75B1F002382AE /* EditListColorTableViewCell.swift in Sources */ = {isa = PBXBuildFile; fileRef = E95A8BCF1CF75B1F002382AE /* EditListColorTableViewCell.swift */; };
		E95A8BD21CF75B45002382AE /* EditListActionTableViewCell.swift in Sources */ = {isa = PBXBuildFile; fileRef = E95A8BD11CF75B45002382AE /* EditListActionTableViewCell.swift */; };
		E95A8BD61CF88356002382AE /* EditListViewModel.swift in Sources */ = {isa = PBXBuildFile; fileRef = E95A8BD51CF88356002382AE /* EditListViewModel.swift */; };
		E95A8BDA1CF88533002382AE /* EditList.swift in Sources */ = {isa = PBXBuildFile; fileRef = E95A8BD91CF88533002382AE /* EditList.swift */; };
		E95A8BDC1CF88902002382AE /* EditListAction.swift in Sources */ = {isa = PBXBuildFile; fileRef = E95A8BDB1CF88902002382AE /* EditListAction.swift */; };
		E95A8BDE1CF8ABD5002382AE /* ListOptionsAction.swift in Sources */ = {isa = PBXBuildFile; fileRef = E95A8BDD1CF8ABD5002382AE /* ListOptionsAction.swift */; };
		E95A8BE01CF8AC3B002382AE /* ListOption.swift in Sources */ = {isa = PBXBuildFile; fileRef = E95A8BDF1CF8AC3B002382AE /* ListOption.swift */; };
		E96975A21CCE78F000DC5852 /* Project.swift in Sources */ = {isa = PBXBuildFile; fileRef = E96975A11CCE78F000DC5852 /* Project.swift */; };
		E96975A51CD1039B00DC5852 /* ProjectCellViewModel.swift in Sources */ = {isa = PBXBuildFile; fileRef = E96975A41CD1039B00DC5852 /* ProjectCellViewModel.swift */; };
		E96CC3CA1CD58E50007DDB65 /* SessionAction.swift in Sources */ = {isa = PBXBuildFile; fileRef = E96CC3C91CD58E50007DDB65 /* SessionAction.swift */; };
		E96CC3CC1CD58F1F007DDB65 /* SignInViewModel.swift in Sources */ = {isa = PBXBuildFile; fileRef = E96CC3CB1CD58F1F007DDB65 /* SignInViewModel.swift */; };
		E9749C951CCBC6BD00335B53 /* ProjectsViewModel.swift in Sources */ = {isa = PBXBuildFile; fileRef = E9749C941CCBC6BD00335B53 /* ProjectsViewModel.swift */; };
		E9749C971CCD075F00335B53 /* Scheduler.swift in Sources */ = {isa = PBXBuildFile; fileRef = E9749C961CCD075F00335B53 /* Scheduler.swift */; };
		E975D0BC1CDCEE4C00F587CD /* Lists.swift in Sources */ = {isa = PBXBuildFile; fileRef = E975D0BB1CDCEE4C00F587CD /* Lists.swift */; };
		E975D0BE1CDCF3B900F587CD /* Task.swift in Sources */ = {isa = PBXBuildFile; fileRef = E975D0BD1CDCF3B900F587CD /* Task.swift */; };
		E975D0C11CDDC23600F587CD /* TaskTableViewCell.swift in Sources */ = {isa = PBXBuildFile; fileRef = E975D0C01CDDC23600F587CD /* TaskTableViewCell.swift */; };
		E975D0C31CDDC4F000F587CD /* TaskCellViewModel.swift in Sources */ = {isa = PBXBuildFile; fileRef = E975D0C21CDDC4F000F587CD /* TaskCellViewModel.swift */; };
		E975D0CC1CDDE8DE00F587CD /* ListSectionTableViewCell.swift in Sources */ = {isa = PBXBuildFile; fileRef = E975D0CA1CDDE8DE00F587CD /* ListSectionTableViewCell.swift */; };
		E975D0CD1CDDE8DE00F587CD /* ListSectionTableViewCell.xib in Resources */ = {isa = PBXBuildFile; fileRef = E975D0CB1CDDE8DE00F587CD /* ListSectionTableViewCell.xib */; };
		E975D0CF1CDDE9CC00F587CD /* ListSectionViewModel.swift in Sources */ = {isa = PBXBuildFile; fileRef = E975D0CE1CDDE9CC00F587CD /* ListSectionViewModel.swift */; };
		E975D0D11CDE434700F587CD /* ListVisibleAction.swift in Sources */ = {isa = PBXBuildFile; fileRef = E975D0D01CDE434700F587CD /* ListVisibleAction.swift */; };
		E9A32F171E880F0900DAF9CC /* NewTaskDescriptionTableViewCell.swift in Sources */ = {isa = PBXBuildFile; fileRef = E9A32F161E880F0900DAF9CC /* NewTaskDescriptionTableViewCell.swift */; };
		E9A32F191E880F4700DAF9CC /* NewTaskTitleTableViewCell.swift in Sources */ = {isa = PBXBuildFile; fileRef = E9A32F181E880F4700DAF9CC /* NewTaskTitleTableViewCell.swift */; };
		E9ABF2C91E5C86DD009459BB /* SessionService.swift in Sources */ = {isa = PBXBuildFile; fileRef = E9ABF2C81E5C86DD009459BB /* SessionService.swift */; };
		E9BE0AC21CDCE6C700E2CC13 /* Main.storyboard in Resources */ = {isa = PBXBuildFile; fileRef = E9BE0AC11CDCE6C700E2CC13 /* Main.storyboard */; };
		E9BE0AC41CDCE80E00E2CC13 /* Lists.storyboard in Resources */ = {isa = PBXBuildFile; fileRef = E9BE0AC31CDCE80E00E2CC13 /* Lists.storyboard */; };
		E9BE0AC61CDCE87200E2CC13 /* ListsTableViewController.swift in Sources */ = {isa = PBXBuildFile; fileRef = E9BE0AC51CDCE87200E2CC13 /* ListsTableViewController.swift */; };
		E9BE0AC81CDCE91800E2CC13 /* List.swift in Sources */ = {isa = PBXBuildFile; fileRef = E9BE0AC71CDCE91800E2CC13 /* List.swift */; };
		E9BE0ACA1CDCE96600E2CC13 /* ListsViewModel.swift in Sources */ = {isa = PBXBuildFile; fileRef = E9BE0AC91CDCE96600E2CC13 /* ListsViewModel.swift */; };
		E9BE0ACC1CDCE9C600E2CC13 /* ListsAction.swift in Sources */ = {isa = PBXBuildFile; fileRef = E9BE0ACB1CDCE9C600E2CC13 /* ListsAction.swift */; };
		E9C86B261CEB590800765615 /* NewListAction.swift in Sources */ = {isa = PBXBuildFile; fileRef = E9C86B251CEB590800765615 /* NewListAction.swift */; };
		E9CF1D3F1CD8F10100BD5DDE /* Repository.swift in Sources */ = {isa = PBXBuildFile; fileRef = E9CF1D3E1CD8F10100BD5DDE /* Repository.swift */; };
		E9CF1D411CD8F72400BD5DDE /* RepositoryAction.swift in Sources */ = {isa = PBXBuildFile; fileRef = E9CF1D401CD8F72400BD5DDE /* RepositoryAction.swift */; };
		E9CF1D431CD9EE8B00BD5DDE /* RepositoriesViewModel.swift in Sources */ = {isa = PBXBuildFile; fileRef = E9CF1D421CD9EE8B00BD5DDE /* RepositoriesViewModel.swift */; };
		E9CF1D451CD9FE7600BD5DDE /* NewProjectRepositoryTableViewCell.swift in Sources */ = {isa = PBXBuildFile; fileRef = E9CF1D441CD9FE7600BD5DDE /* NewProjectRepositoryTableViewCell.swift */; };
		E9CF1D471CDA027C00BD5DDE /* RepositoriesTableViewController.swift in Sources */ = {isa = PBXBuildFile; fileRef = E9CF1D461CDA027C00BD5DDE /* RepositoriesTableViewController.swift */; };
		E9CF1D491CDA0D8300BD5DDE /* RepositoryTableViewCell.swift in Sources */ = {isa = PBXBuildFile; fileRef = E9CF1D481CDA0D8300BD5DDE /* RepositoryTableViewCell.swift */; };
		E9CF1D4B1CDA31EB00BD5DDE /* RepositoryCellViewModel.swift in Sources */ = {isa = PBXBuildFile; fileRef = E9CF1D4A1CDA31EB00BD5DDE /* RepositoryCellViewModel.swift */; };
		E9E4FEF81CC53D3100517729 /* Launch Screen.storyboard in Resources */ = {isa = PBXBuildFile; fileRef = E9E4FEF71CC53D3100517729 /* Launch Screen.storyboard */; };
		E9E4FEFC1CC53DC400517729 /* Projects.storyboard in Resources */ = {isa = PBXBuildFile; fileRef = E9E4FEFB1CC53DC400517729 /* Projects.storyboard */; };
		E9E4FF001CC68ED600517729 /* ProjectsTableViewController.swift in Sources */ = {isa = PBXBuildFile; fileRef = E9E4FEFF1CC68ED500517729 /* ProjectsTableViewController.swift */; };
		E9E4FF041CC7C51700517729 /* SignInViewController.swift in Sources */ = {isa = PBXBuildFile; fileRef = E9E4FF031CC7C51700517729 /* SignInViewController.swift */; };
		E9E4FF071CC7DC2E00517729 /* FasciaAPIService.swift in Sources */ = {isa = PBXBuildFile; fileRef = E9E4FF061CC7DC2E00517729 /* FasciaAPIService.swift */; };
		E9E4FF101CC7E06200517729 /* UIStoryboard+Fascia.swift in Sources */ = {isa = PBXBuildFile; fileRef = E9E4FF0F1CC7E06200517729 /* UIStoryboard+Fascia.swift */; };
		E9E7A9D120F1B1F700ADAEAB /* SideMenuViewModel.swift in Sources */ = {isa = PBXBuildFile; fileRef = E9E7A9D020F1B1F700ADAEAB /* SideMenuViewModel.swift */; };
		E9EA958B1CD4718F008F5535 /* NewProject.swift in Sources */ = {isa = PBXBuildFile; fileRef = E9EA958A1CD4718F008F5535 /* NewProject.swift */; };
		E9EE5CFE1CE85E45003D176B /* ProjectsNavigationViewController.swift in Sources */ = {isa = PBXBuildFile; fileRef = E9EE5CFD1CE85E45003D176B /* ProjectsNavigationViewController.swift */; };
		E9EE5D001CE8D071003D176B /* UIViewController+Rx.swift in Sources */ = {isa = PBXBuildFile; fileRef = E9EE5CFF1CE8D071003D176B /* UIViewController+Rx.swift */; };
		E9EE5D021CEA179B003D176B /* NewListTableViewController.swift in Sources */ = {isa = PBXBuildFile; fileRef = E9EE5D011CEA179B003D176B /* NewListTableViewController.swift */; };
		E9EE5D081CEA2B98003D176B /* NewListViewModel.swift in Sources */ = {isa = PBXBuildFile; fileRef = E9EE5D071CEA2B98003D176B /* NewListViewModel.swift */; };
		E9EE5D0A1CEA2C10003D176B /* NewList.swift in Sources */ = {isa = PBXBuildFile; fileRef = E9EE5D091CEA2C10003D176B /* NewList.swift */; };
		E9F3974F1CDF92590078957B /* ContextMenuViewController.swift in Sources */ = {isa = PBXBuildFile; fileRef = E9F3974E1CDF92590078957B /* ContextMenuViewController.swift */; };
		E9F4C6651CC52C19003DD8DC /* AppDelegate.swift in Sources */ = {isa = PBXBuildFile; fileRef = E9F4C6641CC52C19003DD8DC /* AppDelegate.swift */; };
		E9F4C66C1CC52C19003DD8DC /* Assets.xcassets in Resources */ = {isa = PBXBuildFile; fileRef = E9F4C66B1CC52C19003DD8DC /* Assets.xcassets */; };
		E9F4C67A1CC52C19003DD8DC /* fascia_iosTests.swift in Sources */ = {isa = PBXBuildFile; fileRef = E9F4C6791CC52C19003DD8DC /* fascia_iosTests.swift */; };
		E9FB1D351CE78F3D00604026 /* SideMenuTableViewController.swift in Sources */ = {isa = PBXBuildFile; fileRef = E9FB1D341CE78F3D00604026 /* SideMenuTableViewController.swift */; };
/* End PBXBuildFile section */

/* Begin PBXContainerItemProxy section */
		E9F4C6761CC52C19003DD8DC /* PBXContainerItemProxy */ = {
			isa = PBXContainerItemProxy;
			containerPortal = E9F4C6591CC52C19003DD8DC /* Project object */;
			proxyType = 1;
			remoteGlobalIDString = E9F4C6601CC52C19003DD8DC;
			remoteInfo = "fascia-ios";
		};
/* End PBXContainerItemProxy section */

/* Begin PBXFileReference section */
		098AA1D730A330C95AF7B4B4 /* Pods-fascia-ios.adhoc.xcconfig */ = {isa = PBXFileReference; includeInIndex = 1; lastKnownFileType = text.xcconfig; name = "Pods-fascia-ios.adhoc.xcconfig"; path = "Pods/Target Support Files/Pods-fascia-ios/Pods-fascia-ios.adhoc.xcconfig"; sourceTree = "<group>"; };
		16D2F05040D44D1E1FE11135 /* Pods_fascia_ios.framework */ = {isa = PBXFileReference; explicitFileType = wrapper.framework; includeInIndex = 0; path = Pods_fascia_ios.framework; sourceTree = BUILT_PRODUCTS_DIR; };
		500F9BE1C0E6F2F088F98868 /* Pods-fascia-ios.release.xcconfig */ = {isa = PBXFileReference; includeInIndex = 1; lastKnownFileType = text.xcconfig; name = "Pods-fascia-ios.release.xcconfig"; path = "Pods/Target Support Files/Pods-fascia-ios/Pods-fascia-ios.release.xcconfig"; sourceTree = "<group>"; };
		67AD5B1E44C7EB47CEA7BB03 /* Pods-fascia-ios.debug.xcconfig */ = {isa = PBXFileReference; includeInIndex = 1; lastKnownFileType = text.xcconfig; name = "Pods-fascia-ios.debug.xcconfig"; path = "Pods/Target Support Files/Pods-fascia-ios/Pods-fascia-ios.debug.xcconfig"; sourceTree = "<group>"; };
		E90640391CE22F91008367F0 /* UIImage+String.swift */ = {isa = PBXFileReference; fileEncoding = 4; lastKnownFileType = sourcecode.swift; name = "UIImage+String.swift"; path = "Utils/UIImage+String.swift"; sourceTree = "<group>"; };
		E928659A1CD8DDC100D2EF07 /* HUDManager.swift */ = {isa = PBXFileReference; fileEncoding = 4; lastKnownFileType = sourcecode.swift; name = HUDManager.swift; path = Services/HUDManager.swift; sourceTree = "<group>"; };
		E92DCF521CF9992400D9E348 /* AddTaskTableViewCell.swift */ = {isa = PBXFileReference; fileEncoding = 4; lastKnownFileType = sourcecode.swift; name = AddTaskTableViewCell.swift; path = Views/Lists/AddTaskTableViewCell.swift; sourceTree = "<group>"; };
		E92DCF541CF9993B00D9E348 /* NewListColorTableViewCell.swift */ = {isa = PBXFileReference; fileEncoding = 4; lastKnownFileType = sourcecode.swift; name = NewListColorTableViewCell.swift; path = Views/Lists/NewListColorTableViewCell.swift; sourceTree = "<group>"; };
		E92DCF551CF9993B00D9E348 /* NewListTitleTableViewCell.swift */ = {isa = PBXFileReference; fileEncoding = 4; lastKnownFileType = sourcecode.swift; name = NewListTitleTableViewCell.swift; path = Views/Lists/NewListTitleTableViewCell.swift; sourceTree = "<group>"; };
		E93D82AB1E6338CC00A10D79 /* TaskTableViewController.swift */ = {isa = PBXFileReference; fileEncoding = 4; lastKnownFileType = sourcecode.swift; name = TaskTableViewController.swift; path = ViewControllers/TaskTableViewController.swift; sourceTree = "<group>"; };
		E93D82AD1E633DFF00A10D79 /* TaskViewModel.swift */ = {isa = PBXFileReference; fileEncoding = 4; lastKnownFileType = sourcecode.swift; name = TaskViewModel.swift; path = ViewModels/TaskViewModel.swift; sourceTree = "<group>"; };
		E93D82AF1E633E5800A10D79 /* TaskAction.swift */ = {isa = PBXFileReference; fileEncoding = 4; lastKnownFileType = sourcecode.swift; name = TaskAction.swift; path = Actions/TaskAction.swift; sourceTree = "<group>"; };
		E93D82B41E648A2200A10D79 /* Task.storyboard */ = {isa = PBXFileReference; fileEncoding = 4; lastKnownFileType = file.storyboard; name = Task.storyboard; path = Resources/Task.storyboard; sourceTree = "<group>"; };
		E93D82B61E648C1100A10D79 /* TaskTitleTableViewCell.swift */ = {isa = PBXFileReference; fileEncoding = 4; lastKnownFileType = sourcecode.swift; name = TaskTitleTableViewCell.swift; path = Views/Task/TaskTitleTableViewCell.swift; sourceTree = "<group>"; };
		E93D82B81E65B8EB00A10D79 /* TaskDescriptionTableViewCell.swift */ = {isa = PBXFileReference; fileEncoding = 4; lastKnownFileType = sourcecode.swift; name = TaskDescriptionTableViewCell.swift; path = Views/Task/TaskDescriptionTableViewCell.swift; sourceTree = "<group>"; };
		E945E3301CEE2025002D1F01 /* NewTaskTableViewController.swift */ = {isa = PBXFileReference; fileEncoding = 4; lastKnownFileType = sourcecode.swift; name = NewTaskTableViewController.swift; path = ViewControllers/NewTaskTableViewController.swift; sourceTree = "<group>"; };
		E945E3361CEF5247002D1F01 /* NewTaskViewModel.swift */ = {isa = PBXFileReference; fileEncoding = 4; lastKnownFileType = sourcecode.swift; name = NewTaskViewModel.swift; path = ViewModels/NewTaskViewModel.swift; sourceTree = "<group>"; };
		E945E3381CEF52C1002D1F01 /* NewTask.swift */ = {isa = PBXFileReference; fileEncoding = 4; lastKnownFileType = sourcecode.swift; name = NewTask.swift; path = Models/NewTask.swift; sourceTree = "<group>"; };
		E945E33A1CEF5A67002D1F01 /* NewTaskAction.swift */ = {isa = PBXFileReference; fileEncoding = 4; lastKnownFileType = sourcecode.swift; name = NewTaskAction.swift; path = Actions/NewTaskAction.swift; sourceTree = "<group>"; };
		E945E33C1CF00575002D1F01 /* ColorPickerViewController.swift */ = {isa = PBXFileReference; fileEncoding = 4; lastKnownFileType = sourcecode.swift; name = ColorPickerViewController.swift; path = ViewControllers/ColorPickerViewController.swift; sourceTree = "<group>"; };
		E945E33E1CF0CBF7002D1F01 /* ColorPickerViewModel.swift */ = {isa = PBXFileReference; fileEncoding = 4; lastKnownFileType = sourcecode.swift; name = ColorPickerViewModel.swift; path = ViewModels/ColorPickerViewModel.swift; sourceTree = "<group>"; };
		E945E3401CF1F83E002D1F01 /* EditProjectTableViewController.swift */ = {isa = PBXFileReference; fileEncoding = 4; lastKnownFileType = sourcecode.swift; name = EditProjectTableViewController.swift; path = ViewControllers/EditProjectTableViewController.swift; sourceTree = "<group>"; };
		E945E3421CF1F92D002D1F01 /* EditProjectTitleTableViewCell.swift */ = {isa = PBXFileReference; fileEncoding = 4; lastKnownFileType = sourcecode.swift; name = EditProjectTitleTableViewCell.swift; path = Views/Projects/EditProjectTitleTableViewCell.swift; sourceTree = "<group>"; };
		E945E3441CF1FEEF002D1F01 /* EditProjectViewModel.swift */ = {isa = PBXFileReference; fileEncoding = 4; lastKnownFileType = sourcecode.swift; name = EditProjectViewModel.swift; path = ViewModels/EditProjectViewModel.swift; sourceTree = "<group>"; };
		E945E3461CF200DE002D1F01 /* EditProjectAction.swift */ = {isa = PBXFileReference; fileEncoding = 4; lastKnownFileType = sourcecode.swift; name = EditProjectAction.swift; path = Actions/EditProjectAction.swift; sourceTree = "<group>"; };
		E945E3481CF20328002D1F01 /* EditProject.swift */ = {isa = PBXFileReference; fileEncoding = 4; lastKnownFileType = sourcecode.swift; name = EditProject.swift; path = Models/EditProject.swift; sourceTree = "<group>"; };
		E945E34A1CF3547B002D1F01 /* EditProjectDescriptionTableViewCell.swift */ = {isa = PBXFileReference; fileEncoding = 4; lastKnownFileType = sourcecode.swift; name = EditProjectDescriptionTableViewCell.swift; path = Views/Projects/EditProjectDescriptionTableViewCell.swift; sourceTree = "<group>"; };
		E94C848420EFC47C00F5D487 /* ContactViewController.swift */ = {isa = PBXFileReference; lastKnownFileType = sourcecode.swift; name = ContactViewController.swift; path = ViewControllers/ContactViewController.swift; sourceTree = "<group>"; };
		E94C848620EFC71700F5D487 /* ContactViewModel.swift */ = {isa = PBXFileReference; lastKnownFileType = sourcecode.swift; name = ContactViewModel.swift; path = ViewModels/ContactViewModel.swift; sourceTree = "<group>"; };
		E95104E61CE714F500754A51 /* InitialViewController.swift */ = {isa = PBXFileReference; fileEncoding = 4; lastKnownFileType = sourcecode.swift; name = InitialViewController.swift; path = ViewControllers/InitialViewController.swift; sourceTree = "<group>"; };
		E9571AD61CD2893E007A819F /* QuartzCore.framework */ = {isa = PBXFileReference; lastKnownFileType = wrapper.framework; name = QuartzCore.framework; path = System/Library/Frameworks/QuartzCore.framework; sourceTree = SDKROOT; };
		E9571AD91CD332FC007A819F /* ProjectsAction.swift */ = {isa = PBXFileReference; fileEncoding = 4; lastKnownFileType = sourcecode.swift; name = ProjectsAction.swift; path = Actions/ProjectsAction.swift; sourceTree = "<group>"; };
		E9571ADB1CD35E86007A819F /* NewProjectTableViewController.swift */ = {isa = PBXFileReference; fileEncoding = 4; lastKnownFileType = sourcecode.swift; name = NewProjectTableViewController.swift; path = ViewControllers/NewProjectTableViewController.swift; sourceTree = "<group>"; };
		E9571ADD1CD36781007A819F /* NewProjectViewModel.swift */ = {isa = PBXFileReference; fileEncoding = 4; lastKnownFileType = sourcecode.swift; name = NewProjectViewModel.swift; path = ViewModels/NewProjectViewModel.swift; sourceTree = "<group>"; };
		E9571AE01CD36B88007A819F /* ProjectTableViewCell.swift */ = {isa = PBXFileReference; fileEncoding = 4; lastKnownFileType = sourcecode.swift; name = ProjectTableViewCell.swift; path = Views/Projects/ProjectTableViewCell.swift; sourceTree = "<group>"; };
		E9571AE21CD36BA7007A819F /* NewProjectTitleTableViewCell.swift */ = {isa = PBXFileReference; fileEncoding = 4; lastKnownFileType = sourcecode.swift; name = NewProjectTitleTableViewCell.swift; path = Views/Projects/NewProjectTitleTableViewCell.swift; sourceTree = "<group>"; };
		E9571AE61CD3AB92007A819F /* NewProjectDescriptionTableViewCell.swift */ = {isa = PBXFileReference; fileEncoding = 4; lastKnownFileType = sourcecode.swift; name = NewProjectDescriptionTableViewCell.swift; path = Views/Projects/NewProjectDescriptionTableViewCell.swift; sourceTree = "<group>"; };
		E9571AE81CD3C4FD007A819F /* NewProjectAction.swift */ = {isa = PBXFileReference; fileEncoding = 4; lastKnownFileType = sourcecode.swift; name = NewProjectAction.swift; path = Actions/NewProjectAction.swift; sourceTree = "<group>"; };
		E95A8BCB1CF75849002382AE /* EditListTableViewController.swift */ = {isa = PBXFileReference; fileEncoding = 4; lastKnownFileType = sourcecode.swift; name = EditListTableViewController.swift; path = ViewControllers/EditListTableViewController.swift; sourceTree = "<group>"; };
		E95A8BCD1CF75A61002382AE /* EditListTitleTableViewCell.swift */ = {isa = PBXFileReference; fileEncoding = 4; lastKnownFileType = sourcecode.swift; name = EditListTitleTableViewCell.swift; path = Views/Lists/EditListTitleTableViewCell.swift; sourceTree = "<group>"; };
		E95A8BCF1CF75B1F002382AE /* EditListColorTableViewCell.swift */ = {isa = PBXFileReference; fileEncoding = 4; lastKnownFileType = sourcecode.swift; name = EditListColorTableViewCell.swift; path = Views/Lists/EditListColorTableViewCell.swift; sourceTree = "<group>"; };
		E95A8BD11CF75B45002382AE /* EditListActionTableViewCell.swift */ = {isa = PBXFileReference; fileEncoding = 4; lastKnownFileType = sourcecode.swift; name = EditListActionTableViewCell.swift; path = Views/Lists/EditListActionTableViewCell.swift; sourceTree = "<group>"; };
		E95A8BD51CF88356002382AE /* EditListViewModel.swift */ = {isa = PBXFileReference; fileEncoding = 4; lastKnownFileType = sourcecode.swift; name = EditListViewModel.swift; path = ViewModels/EditListViewModel.swift; sourceTree = "<group>"; };
		E95A8BD91CF88533002382AE /* EditList.swift */ = {isa = PBXFileReference; fileEncoding = 4; lastKnownFileType = sourcecode.swift; name = EditList.swift; path = Models/EditList.swift; sourceTree = "<group>"; };
		E95A8BDB1CF88902002382AE /* EditListAction.swift */ = {isa = PBXFileReference; fileEncoding = 4; lastKnownFileType = sourcecode.swift; name = EditListAction.swift; path = Actions/EditListAction.swift; sourceTree = "<group>"; };
		E95A8BDD1CF8ABD5002382AE /* ListOptionsAction.swift */ = {isa = PBXFileReference; fileEncoding = 4; lastKnownFileType = sourcecode.swift; name = ListOptionsAction.swift; path = Actions/ListOptionsAction.swift; sourceTree = "<group>"; };
		E95A8BDF1CF8AC3B002382AE /* ListOption.swift */ = {isa = PBXFileReference; fileEncoding = 4; lastKnownFileType = sourcecode.swift; name = ListOption.swift; path = Models/ListOption.swift; sourceTree = "<group>"; };
		E96975A11CCE78F000DC5852 /* Project.swift */ = {isa = PBXFileReference; fileEncoding = 4; lastKnownFileType = sourcecode.swift; name = Project.swift; path = Models/Project.swift; sourceTree = "<group>"; };
		E96975A41CD1039B00DC5852 /* ProjectCellViewModel.swift */ = {isa = PBXFileReference; fileEncoding = 4; lastKnownFileType = sourcecode.swift; name = ProjectCellViewModel.swift; path = ViewModels/ProjectCellViewModel.swift; sourceTree = "<group>"; };
		E96CC3C91CD58E50007DDB65 /* SessionAction.swift */ = {isa = PBXFileReference; fileEncoding = 4; lastKnownFileType = sourcecode.swift; name = SessionAction.swift; path = Actions/SessionAction.swift; sourceTree = "<group>"; };
		E96CC3CB1CD58F1F007DDB65 /* SignInViewModel.swift */ = {isa = PBXFileReference; fileEncoding = 4; lastKnownFileType = sourcecode.swift; name = SignInViewModel.swift; path = ViewModels/SignInViewModel.swift; sourceTree = "<group>"; };
		E9749C941CCBC6BD00335B53 /* ProjectsViewModel.swift */ = {isa = PBXFileReference; fileEncoding = 4; lastKnownFileType = sourcecode.swift; name = ProjectsViewModel.swift; path = ViewModels/ProjectsViewModel.swift; sourceTree = "<group>"; };
		E9749C961CCD075F00335B53 /* Scheduler.swift */ = {isa = PBXFileReference; fileEncoding = 4; lastKnownFileType = sourcecode.swift; name = Scheduler.swift; path = Services/Scheduler.swift; sourceTree = "<group>"; };
		E975D0BB1CDCEE4C00F587CD /* Lists.swift */ = {isa = PBXFileReference; fileEncoding = 4; lastKnownFileType = sourcecode.swift; name = Lists.swift; path = Models/Lists.swift; sourceTree = "<group>"; };
		E975D0BD1CDCF3B900F587CD /* Task.swift */ = {isa = PBXFileReference; fileEncoding = 4; lastKnownFileType = sourcecode.swift; name = Task.swift; path = Models/Task.swift; sourceTree = "<group>"; };
		E975D0C01CDDC23600F587CD /* TaskTableViewCell.swift */ = {isa = PBXFileReference; fileEncoding = 4; lastKnownFileType = sourcecode.swift; name = TaskTableViewCell.swift; path = Views/Lists/TaskTableViewCell.swift; sourceTree = "<group>"; };
		E975D0C21CDDC4F000F587CD /* TaskCellViewModel.swift */ = {isa = PBXFileReference; fileEncoding = 4; lastKnownFileType = sourcecode.swift; name = TaskCellViewModel.swift; path = ViewModels/TaskCellViewModel.swift; sourceTree = "<group>"; };
		E975D0CA1CDDE8DE00F587CD /* ListSectionTableViewCell.swift */ = {isa = PBXFileReference; fileEncoding = 4; lastKnownFileType = sourcecode.swift; name = ListSectionTableViewCell.swift; path = Views/Lists/ListSectionTableViewCell.swift; sourceTree = "<group>"; };
		E975D0CB1CDDE8DE00F587CD /* ListSectionTableViewCell.xib */ = {isa = PBXFileReference; fileEncoding = 4; lastKnownFileType = file.xib; name = ListSectionTableViewCell.xib; path = Views/Lists/ListSectionTableViewCell.xib; sourceTree = "<group>"; };
		E975D0CE1CDDE9CC00F587CD /* ListSectionViewModel.swift */ = {isa = PBXFileReference; fileEncoding = 4; lastKnownFileType = sourcecode.swift; name = ListSectionViewModel.swift; path = ViewModels/ListSectionViewModel.swift; sourceTree = "<group>"; };
		E975D0D01CDE434700F587CD /* ListVisibleAction.swift */ = {isa = PBXFileReference; fileEncoding = 4; lastKnownFileType = sourcecode.swift; name = ListVisibleAction.swift; path = Actions/ListVisibleAction.swift; sourceTree = "<group>"; };
		E9A32F161E880F0900DAF9CC /* NewTaskDescriptionTableViewCell.swift */ = {isa = PBXFileReference; fileEncoding = 4; lastKnownFileType = sourcecode.swift; name = NewTaskDescriptionTableViewCell.swift; path = Views/Task/NewTaskDescriptionTableViewCell.swift; sourceTree = "<group>"; };
		E9A32F181E880F4700DAF9CC /* NewTaskTitleTableViewCell.swift */ = {isa = PBXFileReference; fileEncoding = 4; lastKnownFileType = sourcecode.swift; name = NewTaskTitleTableViewCell.swift; path = Views/Task/NewTaskTitleTableViewCell.swift; sourceTree = "<group>"; };
		E9ABF2C81E5C86DD009459BB /* SessionService.swift */ = {isa = PBXFileReference; fileEncoding = 4; lastKnownFileType = sourcecode.swift; name = SessionService.swift; path = Services/SessionService.swift; sourceTree = "<group>"; };
		E9BE0AC11CDCE6C700E2CC13 /* Main.storyboard */ = {isa = PBXFileReference; fileEncoding = 4; lastKnownFileType = file.storyboard; name = Main.storyboard; path = Resources/Main.storyboard; sourceTree = "<group>"; };
		E9BE0AC31CDCE80E00E2CC13 /* Lists.storyboard */ = {isa = PBXFileReference; fileEncoding = 4; lastKnownFileType = file.storyboard; name = Lists.storyboard; path = Resources/Lists.storyboard; sourceTree = "<group>"; };
		E9BE0AC51CDCE87200E2CC13 /* ListsTableViewController.swift */ = {isa = PBXFileReference; fileEncoding = 4; lastKnownFileType = sourcecode.swift; name = ListsTableViewController.swift; path = ViewControllers/ListsTableViewController.swift; sourceTree = "<group>"; };
		E9BE0AC71CDCE91800E2CC13 /* List.swift */ = {isa = PBXFileReference; fileEncoding = 4; lastKnownFileType = sourcecode.swift; name = List.swift; path = Models/List.swift; sourceTree = "<group>"; };
		E9BE0AC91CDCE96600E2CC13 /* ListsViewModel.swift */ = {isa = PBXFileReference; fileEncoding = 4; lastKnownFileType = sourcecode.swift; name = ListsViewModel.swift; path = ViewModels/ListsViewModel.swift; sourceTree = "<group>"; };
		E9BE0ACB1CDCE9C600E2CC13 /* ListsAction.swift */ = {isa = PBXFileReference; fileEncoding = 4; lastKnownFileType = sourcecode.swift; name = ListsAction.swift; path = Actions/ListsAction.swift; sourceTree = "<group>"; };
		E9C86B251CEB590800765615 /* NewListAction.swift */ = {isa = PBXFileReference; fileEncoding = 4; lastKnownFileType = sourcecode.swift; name = NewListAction.swift; path = Actions/NewListAction.swift; sourceTree = "<group>"; };
		E9CF1D3E1CD8F10100BD5DDE /* Repository.swift */ = {isa = PBXFileReference; fileEncoding = 4; lastKnownFileType = sourcecode.swift; name = Repository.swift; path = Models/Repository.swift; sourceTree = "<group>"; };
		E9CF1D401CD8F72400BD5DDE /* RepositoryAction.swift */ = {isa = PBXFileReference; fileEncoding = 4; lastKnownFileType = sourcecode.swift; name = RepositoryAction.swift; path = Actions/RepositoryAction.swift; sourceTree = "<group>"; };
		E9CF1D421CD9EE8B00BD5DDE /* RepositoriesViewModel.swift */ = {isa = PBXFileReference; fileEncoding = 4; lastKnownFileType = sourcecode.swift; name = RepositoriesViewModel.swift; path = ViewModels/RepositoriesViewModel.swift; sourceTree = "<group>"; };
		E9CF1D441CD9FE7600BD5DDE /* NewProjectRepositoryTableViewCell.swift */ = {isa = PBXFileReference; fileEncoding = 4; lastKnownFileType = sourcecode.swift; name = NewProjectRepositoryTableViewCell.swift; path = Views/Projects/NewProjectRepositoryTableViewCell.swift; sourceTree = "<group>"; };
		E9CF1D461CDA027C00BD5DDE /* RepositoriesTableViewController.swift */ = {isa = PBXFileReference; fileEncoding = 4; lastKnownFileType = sourcecode.swift; name = RepositoriesTableViewController.swift; path = ViewControllers/RepositoriesTableViewController.swift; sourceTree = "<group>"; };
		E9CF1D481CDA0D8300BD5DDE /* RepositoryTableViewCell.swift */ = {isa = PBXFileReference; fileEncoding = 4; lastKnownFileType = sourcecode.swift; name = RepositoryTableViewCell.swift; path = Views/Projects/RepositoryTableViewCell.swift; sourceTree = "<group>"; };
		E9CF1D4A1CDA31EB00BD5DDE /* RepositoryCellViewModel.swift */ = {isa = PBXFileReference; fileEncoding = 4; lastKnownFileType = sourcecode.swift; name = RepositoryCellViewModel.swift; path = ViewModels/RepositoryCellViewModel.swift; sourceTree = "<group>"; };
		E9E4FEF71CC53D3100517729 /* Launch Screen.storyboard */ = {isa = PBXFileReference; fileEncoding = 4; lastKnownFileType = file.storyboard; name = "Launch Screen.storyboard"; path = "Resources/Launch Screen.storyboard"; sourceTree = "<group>"; };
		E9E4FEFB1CC53DC400517729 /* Projects.storyboard */ = {isa = PBXFileReference; fileEncoding = 4; lastKnownFileType = file.storyboard; name = Projects.storyboard; path = Resources/Projects.storyboard; sourceTree = "<group>"; };
		E9E4FEFF1CC68ED500517729 /* ProjectsTableViewController.swift */ = {isa = PBXFileReference; fileEncoding = 4; lastKnownFileType = sourcecode.swift; name = ProjectsTableViewController.swift; path = ViewControllers/ProjectsTableViewController.swift; sourceTree = "<group>"; };
		E9E4FF031CC7C51700517729 /* SignInViewController.swift */ = {isa = PBXFileReference; fileEncoding = 4; lastKnownFileType = sourcecode.swift; name = SignInViewController.swift; path = ViewControllers/SignInViewController.swift; sourceTree = "<group>"; };
		E9E4FF061CC7DC2E00517729 /* FasciaAPIService.swift */ = {isa = PBXFileReference; fileEncoding = 4; lastKnownFileType = sourcecode.swift; name = FasciaAPIService.swift; path = Services/FasciaAPIService.swift; sourceTree = "<group>"; };
		E9E4FF0F1CC7E06200517729 /* UIStoryboard+Fascia.swift */ = {isa = PBXFileReference; fileEncoding = 4; lastKnownFileType = sourcecode.swift; name = "UIStoryboard+Fascia.swift"; path = "Utils/UIStoryboard+Fascia.swift"; sourceTree = "<group>"; };
		E9E7A9D020F1B1F700ADAEAB /* SideMenuViewModel.swift */ = {isa = PBXFileReference; lastKnownFileType = sourcecode.swift; name = SideMenuViewModel.swift; path = ViewModels/SideMenuViewModel.swift; sourceTree = "<group>"; };
		E9EA958A1CD4718F008F5535 /* NewProject.swift */ = {isa = PBXFileReference; fileEncoding = 4; lastKnownFileType = sourcecode.swift; name = NewProject.swift; path = Models/NewProject.swift; sourceTree = "<group>"; };
		E9EE5CFD1CE85E45003D176B /* ProjectsNavigationViewController.swift */ = {isa = PBXFileReference; fileEncoding = 4; lastKnownFileType = sourcecode.swift; name = ProjectsNavigationViewController.swift; path = ViewControllers/ProjectsNavigationViewController.swift; sourceTree = "<group>"; };
		E9EE5CFF1CE8D071003D176B /* UIViewController+Rx.swift */ = {isa = PBXFileReference; fileEncoding = 4; lastKnownFileType = sourcecode.swift; name = "UIViewController+Rx.swift"; path = "Utils/UIViewController+Rx.swift"; sourceTree = "<group>"; };
		E9EE5D011CEA179B003D176B /* NewListTableViewController.swift */ = {isa = PBXFileReference; fileEncoding = 4; lastKnownFileType = sourcecode.swift; name = NewListTableViewController.swift; path = ViewControllers/NewListTableViewController.swift; sourceTree = "<group>"; };
		E9EE5D071CEA2B98003D176B /* NewListViewModel.swift */ = {isa = PBXFileReference; fileEncoding = 4; lastKnownFileType = sourcecode.swift; name = NewListViewModel.swift; path = ViewModels/NewListViewModel.swift; sourceTree = "<group>"; };
		E9EE5D091CEA2C10003D176B /* NewList.swift */ = {isa = PBXFileReference; fileEncoding = 4; lastKnownFileType = sourcecode.swift; name = NewList.swift; path = Models/NewList.swift; sourceTree = "<group>"; };
		E9F3974E1CDF92590078957B /* ContextMenuViewController.swift */ = {isa = PBXFileReference; fileEncoding = 4; lastKnownFileType = sourcecode.swift; name = ContextMenuViewController.swift; path = ViewControllers/ContextMenuViewController.swift; sourceTree = "<group>"; };
		E9F4C6611CC52C19003DD8DC /* fascia-ios.app */ = {isa = PBXFileReference; explicitFileType = wrapper.application; includeInIndex = 0; path = "fascia-ios.app"; sourceTree = BUILT_PRODUCTS_DIR; };
		E9F4C6641CC52C19003DD8DC /* AppDelegate.swift */ = {isa = PBXFileReference; lastKnownFileType = sourcecode.swift; path = AppDelegate.swift; sourceTree = "<group>"; };
		E9F4C66B1CC52C19003DD8DC /* Assets.xcassets */ = {isa = PBXFileReference; lastKnownFileType = folder.assetcatalog; path = Assets.xcassets; sourceTree = "<group>"; };
		E9F4C6701CC52C19003DD8DC /* Info.plist */ = {isa = PBXFileReference; lastKnownFileType = text.plist.xml; path = Info.plist; sourceTree = "<group>"; };
		E9F4C6751CC52C19003DD8DC /* fascia-iosTests.xctest */ = {isa = PBXFileReference; explicitFileType = wrapper.cfbundle; includeInIndex = 0; path = "fascia-iosTests.xctest"; sourceTree = BUILT_PRODUCTS_DIR; };
		E9F4C6791CC52C19003DD8DC /* fascia_iosTests.swift */ = {isa = PBXFileReference; lastKnownFileType = sourcecode.swift; path = fascia_iosTests.swift; sourceTree = "<group>"; };
		E9F4C67B1CC52C19003DD8DC /* Info.plist */ = {isa = PBXFileReference; lastKnownFileType = text.plist.xml; path = Info.plist; sourceTree = "<group>"; };
		E9FB1D341CE78F3D00604026 /* SideMenuTableViewController.swift */ = {isa = PBXFileReference; fileEncoding = 4; lastKnownFileType = sourcecode.swift; name = SideMenuTableViewController.swift; path = ViewControllers/SideMenuTableViewController.swift; sourceTree = "<group>"; };
/* End PBXFileReference section */

/* Begin PBXFrameworksBuildPhase section */
		E9F4C65E1CC52C19003DD8DC /* Frameworks */ = {
			isa = PBXFrameworksBuildPhase;
			buildActionMask = 2147483647;
			files = (
				E9571AD71CD2893E007A819F /* QuartzCore.framework in Frameworks */,
				5F8671B19F4521C1BB30C10E /* Pods_fascia_ios.framework in Frameworks */,
			);
			runOnlyForDeploymentPostprocessing = 0;
		};
		E9F4C6721CC52C19003DD8DC /* Frameworks */ = {
			isa = PBXFrameworksBuildPhase;
			buildActionMask = 2147483647;
			files = (
			);
			runOnlyForDeploymentPostprocessing = 0;
		};
/* End PBXFrameworksBuildPhase section */

/* Begin PBXGroup section */
		90D34071831FB461857D94AB /* Pods */ = {
			isa = PBXGroup;
			children = (
				67AD5B1E44C7EB47CEA7BB03 /* Pods-fascia-ios.debug.xcconfig */,
				500F9BE1C0E6F2F088F98868 /* Pods-fascia-ios.release.xcconfig */,
				098AA1D730A330C95AF7B4B4 /* Pods-fascia-ios.adhoc.xcconfig */,
			);
			name = Pods;
			sourceTree = "<group>";
		};
		BD131DD34410301564E82118 /* Frameworks */ = {
			isa = PBXGroup;
			children = (
				E9571AD61CD2893E007A819F /* QuartzCore.framework */,
				16D2F05040D44D1E1FE11135 /* Pods_fascia_ios.framework */,
			);
			name = Frameworks;
			sourceTree = "<group>";
		};
		E93D82B11E6489A600A10D79 /* Task */ = {
			isa = PBXGroup;
			children = (
				E93D82B61E648C1100A10D79 /* TaskTitleTableViewCell.swift */,
				E93D82B81E65B8EB00A10D79 /* TaskDescriptionTableViewCell.swift */,
				E9A32F181E880F4700DAF9CC /* NewTaskTitleTableViewCell.swift */,
				E9A32F161E880F0900DAF9CC /* NewTaskDescriptionTableViewCell.swift */,
			);
			name = Task;
			sourceTree = "<group>";
		};
		E9571AD81CD332BB007A819F /* Actions */ = {
			isa = PBXGroup;
			children = (
				E9571AD91CD332FC007A819F /* ProjectsAction.swift */,
				E96CC3C91CD58E50007DDB65 /* SessionAction.swift */,
				E9571AE81CD3C4FD007A819F /* NewProjectAction.swift */,
				E9CF1D401CD8F72400BD5DDE /* RepositoryAction.swift */,
				E9BE0ACB1CDCE9C600E2CC13 /* ListsAction.swift */,
				E975D0D01CDE434700F587CD /* ListVisibleAction.swift */,
				E9C86B251CEB590800765615 /* NewListAction.swift */,
				E945E33A1CEF5A67002D1F01 /* NewTaskAction.swift */,
				E945E3461CF200DE002D1F01 /* EditProjectAction.swift */,
				E95A8BDB1CF88902002382AE /* EditListAction.swift */,
				E95A8BDD1CF8ABD5002382AE /* ListOptionsAction.swift */,
				E93D82AF1E633E5800A10D79 /* TaskAction.swift */,
			);
			name = Actions;
			sourceTree = "<group>";
		};
		E9571ADF1CD36B2E007A819F /* Projects */ = {
			isa = PBXGroup;
			children = (
				E9571AE01CD36B88007A819F /* ProjectTableViewCell.swift */,
				E9CF1D481CDA0D8300BD5DDE /* RepositoryTableViewCell.swift */,
				E9571AE21CD36BA7007A819F /* NewProjectTitleTableViewCell.swift */,
				E9571AE61CD3AB92007A819F /* NewProjectDescriptionTableViewCell.swift */,
				E9CF1D441CD9FE7600BD5DDE /* NewProjectRepositoryTableViewCell.swift */,
				E945E3421CF1F92D002D1F01 /* EditProjectTitleTableViewCell.swift */,
				E945E34A1CF3547B002D1F01 /* EditProjectDescriptionTableViewCell.swift */,
			);
			name = Projects;
			sourceTree = "<group>";
		};
		E975D0BF1CDDC20F00F587CD /* Lists */ = {
			isa = PBXGroup;
			children = (
				E975D0C01CDDC23600F587CD /* TaskTableViewCell.swift */,
				E975D0CA1CDDE8DE00F587CD /* ListSectionTableViewCell.swift */,
				E975D0CB1CDDE8DE00F587CD /* ListSectionTableViewCell.xib */,
				E92DCF541CF9993B00D9E348 /* NewListColorTableViewCell.swift */,
				E92DCF551CF9993B00D9E348 /* NewListTitleTableViewCell.swift */,
				E92DCF521CF9992400D9E348 /* AddTaskTableViewCell.swift */,
				E95A8BCD1CF75A61002382AE /* EditListTitleTableViewCell.swift */,
				E95A8BCF1CF75B1F002382AE /* EditListColorTableViewCell.swift */,
				E95A8BD11CF75B45002382AE /* EditListActionTableViewCell.swift */,
			);
			name = Lists;
			sourceTree = "<group>";
		};
		E9E4FEF11CC53B0D00517729 /* Models */ = {
			isa = PBXGroup;
			children = (
				E96975A11CCE78F000DC5852 /* Project.swift */,
				E9EA958A1CD4718F008F5535 /* NewProject.swift */,
				E945E3481CF20328002D1F01 /* EditProject.swift */,
				E9CF1D3E1CD8F10100BD5DDE /* Repository.swift */,
				E975D0BD1CDCF3B900F587CD /* Task.swift */,
				E9BE0AC71CDCE91800E2CC13 /* List.swift */,
				E975D0BB1CDCEE4C00F587CD /* Lists.swift */,
				E9EE5D091CEA2C10003D176B /* NewList.swift */,
				E945E3381CEF52C1002D1F01 /* NewTask.swift */,
				E95A8BD91CF88533002382AE /* EditList.swift */,
				E95A8BDF1CF8AC3B002382AE /* ListOption.swift */,
			);
			name = Models;
			sourceTree = "<group>";
		};
		E9E4FEF21CC53B3600517729 /* Resources */ = {
			isa = PBXGroup;
			children = (
				E9F4C66B1CC52C19003DD8DC /* Assets.xcassets */,
				E9E4FEF71CC53D3100517729 /* Launch Screen.storyboard */,
				E9E4FEFB1CC53DC400517729 /* Projects.storyboard */,
				E9BE0AC11CDCE6C700E2CC13 /* Main.storyboard */,
				E9BE0AC31CDCE80E00E2CC13 /* Lists.storyboard */,
				E93D82B41E648A2200A10D79 /* Task.storyboard */,
			);
			name = Resources;
			sourceTree = "<group>";
		};
		E9E4FEF31CC53C2100517729 /* Views */ = {
			isa = PBXGroup;
			children = (
				E93D82B11E6489A600A10D79 /* Task */,
				E975D0BF1CDDC20F00F587CD /* Lists */,
				E9571ADF1CD36B2E007A819F /* Projects */,
			);
			name = Views;
			sourceTree = "<group>";
		};
		E9E4FEF51CC53C3000517729 /* ViewControllers */ = {
			isa = PBXGroup;
			children = (
				E95104E61CE714F500754A51 /* InitialViewController.swift */,
				E9FB1D341CE78F3D00604026 /* SideMenuTableViewController.swift */,
				E9F3974E1CDF92590078957B /* ContextMenuViewController.swift */,
				E9E4FF031CC7C51700517729 /* SignInViewController.swift */,
				E94C848420EFC47C00F5D487 /* ContactViewController.swift */,
				E9EE5CFD1CE85E45003D176B /* ProjectsNavigationViewController.swift */,
				E9E4FEFF1CC68ED500517729 /* ProjectsTableViewController.swift */,
				E9571ADB1CD35E86007A819F /* NewProjectTableViewController.swift */,
				E9CF1D461CDA027C00BD5DDE /* RepositoriesTableViewController.swift */,
				E945E3401CF1F83E002D1F01 /* EditProjectTableViewController.swift */,
				E9BE0AC51CDCE87200E2CC13 /* ListsTableViewController.swift */,
				E9EE5D011CEA179B003D176B /* NewListTableViewController.swift */,
				E95A8BCB1CF75849002382AE /* EditListTableViewController.swift */,
				E945E33C1CF00575002D1F01 /* ColorPickerViewController.swift */,
				E945E3301CEE2025002D1F01 /* NewTaskTableViewController.swift */,
				E93D82AB1E6338CC00A10D79 /* TaskTableViewController.swift */,
			);
			name = ViewControllers;
			sourceTree = "<group>";
		};
		E9E4FEF61CC53C3700517729 /* ViewModels */ = {
			isa = PBXGroup;
			children = (
				E9749C941CCBC6BD00335B53 /* ProjectsViewModel.swift */,
				E96975A41CD1039B00DC5852 /* ProjectCellViewModel.swift */,
				E9571ADD1CD36781007A819F /* NewProjectViewModel.swift */,
				E945E3441CF1FEEF002D1F01 /* EditProjectViewModel.swift */,
				E96CC3CB1CD58F1F007DDB65 /* SignInViewModel.swift */,
				E94C848620EFC71700F5D487 /* ContactViewModel.swift */,
				E9CF1D421CD9EE8B00BD5DDE /* RepositoriesViewModel.swift */,
				E9CF1D4A1CDA31EB00BD5DDE /* RepositoryCellViewModel.swift */,
				E975D0C21CDDC4F000F587CD /* TaskCellViewModel.swift */,
				E9BE0AC91CDCE96600E2CC13 /* ListsViewModel.swift */,
				E975D0CE1CDDE9CC00F587CD /* ListSectionViewModel.swift */,
				E9EE5D071CEA2B98003D176B /* NewListViewModel.swift */,
				E95A8BD51CF88356002382AE /* EditListViewModel.swift */,
				E945E3361CEF5247002D1F01 /* NewTaskViewModel.swift */,
				E945E33E1CF0CBF7002D1F01 /* ColorPickerViewModel.swift */,
				E93D82AD1E633DFF00A10D79 /* TaskViewModel.swift */,
				E9E7A9D020F1B1F700ADAEAB /* SideMenuViewModel.swift */,
			);
			name = ViewModels;
			sourceTree = "<group>";
		};
		E9E4FF051CC7DBEF00517729 /* Services */ = {
			isa = PBXGroup;
			children = (
				E9E4FF061CC7DC2E00517729 /* FasciaAPIService.swift */,
				E928659A1CD8DDC100D2EF07 /* HUDManager.swift */,
				E9749C961CCD075F00335B53 /* Scheduler.swift */,
				E9ABF2C81E5C86DD009459BB /* SessionService.swift */,
			);
			name = Services;
			sourceTree = "<group>";
		};
		E9E4FF0C1CC7E01400517729 /* Utils */ = {
			isa = PBXGroup;
			children = (
				E9E4FF0F1CC7E06200517729 /* UIStoryboard+Fascia.swift */,
				E90640391CE22F91008367F0 /* UIImage+String.swift */,
				E9EE5CFF1CE8D071003D176B /* UIViewController+Rx.swift */,
			);
			name = Utils;
			sourceTree = "<group>";
		};
		E9F4C6581CC52C19003DD8DC = {
			isa = PBXGroup;
			children = (
				E9F4C6631CC52C19003DD8DC /* fascia-ios */,
				E9F4C6781CC52C19003DD8DC /* fascia-iosTests */,
				E9F4C6621CC52C19003DD8DC /* Products */,
				90D34071831FB461857D94AB /* Pods */,
				BD131DD34410301564E82118 /* Frameworks */,
			);
			sourceTree = "<group>";
		};
		E9F4C6621CC52C19003DD8DC /* Products */ = {
			isa = PBXGroup;
			children = (
				E9F4C6611CC52C19003DD8DC /* fascia-ios.app */,
				E9F4C6751CC52C19003DD8DC /* fascia-iosTests.xctest */,
			);
			name = Products;
			sourceTree = "<group>";
		};
		E9F4C6631CC52C19003DD8DC /* fascia-ios */ = {
			isa = PBXGroup;
			children = (
				E9F4C6641CC52C19003DD8DC /* AppDelegate.swift */,
				E9F4C6701CC52C19003DD8DC /* Info.plist */,
				E9571AD81CD332BB007A819F /* Actions */,
				E9E4FF0C1CC7E01400517729 /* Utils */,
				E9E4FF051CC7DBEF00517729 /* Services */,
				E9E4FEF21CC53B3600517729 /* Resources */,
				E9E4FEF11CC53B0D00517729 /* Models */,
				E9E4FEF61CC53C3700517729 /* ViewModels */,
				E9E4FEF51CC53C3000517729 /* ViewControllers */,
				E9E4FEF31CC53C2100517729 /* Views */,
			);
			path = "fascia-ios";
			sourceTree = "<group>";
		};
		E9F4C6781CC52C19003DD8DC /* fascia-iosTests */ = {
			isa = PBXGroup;
			children = (
				E9F4C6791CC52C19003DD8DC /* fascia_iosTests.swift */,
				E9F4C67B1CC52C19003DD8DC /* Info.plist */,
			);
			path = "fascia-iosTests";
			sourceTree = "<group>";
		};
/* End PBXGroup section */

/* Begin PBXNativeTarget section */
		E9F4C6601CC52C19003DD8DC /* fascia-ios */ = {
			isa = PBXNativeTarget;
			buildConfigurationList = E9F4C67E1CC52C19003DD8DC /* Build configuration list for PBXNativeTarget "fascia-ios" */;
			buildPhases = (
				C05D0D06C422F5D350F99A78 /* [CP] Check Pods Manifest.lock */,
				E9F4C65D1CC52C19003DD8DC /* Sources */,
				E9F4C65E1CC52C19003DD8DC /* Frameworks */,
				E9F4C65F1CC52C19003DD8DC /* Resources */,
				13972080A2E0C82E1C1BE219 /* [CP] Embed Pods Frameworks */,
				E96975A31CCFD8CC00DC5852 /* ShellScript */,
			);
			buildRules = (
			);
			dependencies = (
			);
			name = "fascia-ios";
			productName = "fascia-ios";
			productReference = E9F4C6611CC52C19003DD8DC /* fascia-ios.app */;
			productType = "com.apple.product-type.application";
		};
		E9F4C6741CC52C19003DD8DC /* fascia-iosTests */ = {
			isa = PBXNativeTarget;
			buildConfigurationList = E9F4C6811CC52C19003DD8DC /* Build configuration list for PBXNativeTarget "fascia-iosTests" */;
			buildPhases = (
				E9F4C6711CC52C19003DD8DC /* Sources */,
				E9F4C6721CC52C19003DD8DC /* Frameworks */,
				E9F4C6731CC52C19003DD8DC /* Resources */,
			);
			buildRules = (
			);
			dependencies = (
				E9F4C6771CC52C19003DD8DC /* PBXTargetDependency */,
			);
			name = "fascia-iosTests";
			productName = "fascia-iosTests";
			productReference = E9F4C6751CC52C19003DD8DC /* fascia-iosTests.xctest */;
			productType = "com.apple.product-type.bundle.unit-test";
		};
/* End PBXNativeTarget section */

/* Begin PBXProject section */
		E9F4C6591CC52C19003DD8DC /* Project object */ = {
			isa = PBXProject;
			attributes = {
				LastSwiftUpdateCheck = 0730;
				LastUpgradeCheck = 1120;
				ORGANIZATIONNAME = h3poteto;
				TargetAttributes = {
					E9F4C6601CC52C19003DD8DC = {
						CreatedOnToolsVersion = 7.3;
						DevelopmentTeam = HB4N6B2YVM;
						LastSwiftMigration = 1120;
					};
					E9F4C6741CC52C19003DD8DC = {
						CreatedOnToolsVersion = 7.3;
						LastSwiftMigration = 1120;
						TestTargetID = E9F4C6601CC52C19003DD8DC;
					};
				};
			};
			buildConfigurationList = E9F4C65C1CC52C19003DD8DC /* Build configuration list for PBXProject "fascia-ios" */;
			compatibilityVersion = "Xcode 3.2";
			developmentRegion = English;
			hasScannedForEncodings = 0;
			knownRegions = (
				English,
				en,
				Base,
			);
			mainGroup = E9F4C6581CC52C19003DD8DC;
			productRefGroup = E9F4C6621CC52C19003DD8DC /* Products */;
			projectDirPath = "";
			projectRoot = "";
			targets = (
				E9F4C6601CC52C19003DD8DC /* fascia-ios */,
				E9F4C6741CC52C19003DD8DC /* fascia-iosTests */,
			);
		};
/* End PBXProject section */

/* Begin PBXResourcesBuildPhase section */
		E9F4C65F1CC52C19003DD8DC /* Resources */ = {
			isa = PBXResourcesBuildPhase;
			buildActionMask = 2147483647;
			files = (
				E9BE0AC41CDCE80E00E2CC13 /* Lists.storyboard in Resources */,
				E975D0CD1CDDE8DE00F587CD /* ListSectionTableViewCell.xib in Resources */,
				E9E4FEFC1CC53DC400517729 /* Projects.storyboard in Resources */,
				E93D82B51E648A2200A10D79 /* Task.storyboard in Resources */,
				E9BE0AC21CDCE6C700E2CC13 /* Main.storyboard in Resources */,
				E9E4FEF81CC53D3100517729 /* Launch Screen.storyboard in Resources */,
				E9F4C66C1CC52C19003DD8DC /* Assets.xcassets in Resources */,
			);
			runOnlyForDeploymentPostprocessing = 0;
		};
		E9F4C6731CC52C19003DD8DC /* Resources */ = {
			isa = PBXResourcesBuildPhase;
			buildActionMask = 2147483647;
			files = (
			);
			runOnlyForDeploymentPostprocessing = 0;
		};
/* End PBXResourcesBuildPhase section */

/* Begin PBXShellScriptBuildPhase section */
		13972080A2E0C82E1C1BE219 /* [CP] Embed Pods Frameworks */ = {
			isa = PBXShellScriptBuildPhase;
			buildActionMask = 2147483647;
			files = (
			);
			inputPaths = (
				"${PODS_ROOT}/Target Support Files/Pods-fascia-ios/Pods-fascia-ios-frameworks.sh",
				"${BUILT_PRODUCTS_DIR}/Alamofire/Alamofire.framework",
				"${BUILT_PRODUCTS_DIR}/CSNotificationView/CSNotificationView.framework",
				"${BUILT_PRODUCTS_DIR}/ChameleonFramework/ChameleonFramework.framework",
				"${BUILT_PRODUCTS_DIR}/Color-Picker-for-iOS/Color_Picker_for_iOS.framework",
				"${BUILT_PRODUCTS_DIR}/Down/Down.framework",
				"${BUILT_PRODUCTS_DIR}/ObjectMapper/ObjectMapper.framework",
				"${BUILT_PRODUCTS_DIR}/RxAlamofire/RxAlamofire.framework",
				"${BUILT_PRODUCTS_DIR}/RxCocoa/RxCocoa.framework",
				"${BUILT_PRODUCTS_DIR}/RxRelay/RxRelay.framework",
				"${BUILT_PRODUCTS_DIR}/RxSwift/RxSwift.framework",
				"${BUILT_PRODUCTS_DIR}/SESlideTableViewCell/SESlideTableViewCell.framework",
				"${BUILT_PRODUCTS_DIR}/SVProgressHUD/SVProgressHUD.framework",
				"${BUILT_PRODUCTS_DIR}/SideMenu/SideMenu.framework",
			);
			name = "[CP] Embed Pods Frameworks";
			outputPaths = (
				"${TARGET_BUILD_DIR}/${FRAMEWORKS_FOLDER_PATH}/Alamofire.framework",
				"${TARGET_BUILD_DIR}/${FRAMEWORKS_FOLDER_PATH}/CSNotificationView.framework",
				"${TARGET_BUILD_DIR}/${FRAMEWORKS_FOLDER_PATH}/ChameleonFramework.framework",
				"${TARGET_BUILD_DIR}/${FRAMEWORKS_FOLDER_PATH}/Color_Picker_for_iOS.framework",
				"${TARGET_BUILD_DIR}/${FRAMEWORKS_FOLDER_PATH}/Down.framework",
				"${TARGET_BUILD_DIR}/${FRAMEWORKS_FOLDER_PATH}/ObjectMapper.framework",
				"${TARGET_BUILD_DIR}/${FRAMEWORKS_FOLDER_PATH}/RxAlamofire.framework",
				"${TARGET_BUILD_DIR}/${FRAMEWORKS_FOLDER_PATH}/RxCocoa.framework",
				"${TARGET_BUILD_DIR}/${FRAMEWORKS_FOLDER_PATH}/RxRelay.framework",
				"${TARGET_BUILD_DIR}/${FRAMEWORKS_FOLDER_PATH}/RxSwift.framework",
				"${TARGET_BUILD_DIR}/${FRAMEWORKS_FOLDER_PATH}/SESlideTableViewCell.framework",
				"${TARGET_BUILD_DIR}/${FRAMEWORKS_FOLDER_PATH}/SVProgressHUD.framework",
				"${TARGET_BUILD_DIR}/${FRAMEWORKS_FOLDER_PATH}/SideMenu.framework",
			);
			runOnlyForDeploymentPostprocessing = 0;
			shellPath = /bin/sh;
			shellScript = "\"${PODS_ROOT}/Target Support Files/Pods-fascia-ios/Pods-fascia-ios-frameworks.sh\"\n";
			showEnvVarsInLog = 0;
		};
		C05D0D06C422F5D350F99A78 /* [CP] Check Pods Manifest.lock */ = {
			isa = PBXShellScriptBuildPhase;
			buildActionMask = 2147483647;
			files = (
			);
			inputPaths = (
				"${PODS_PODFILE_DIR_PATH}/Podfile.lock",
				"${PODS_ROOT}/Manifest.lock",
			);
			name = "[CP] Check Pods Manifest.lock";
			outputPaths = (
				"$(DERIVED_FILE_DIR)/Pods-fascia-ios-checkManifestLockResult.txt",
			);
			runOnlyForDeploymentPostprocessing = 0;
			shellPath = /bin/sh;
			shellScript = "diff \"${PODS_PODFILE_DIR_PATH}/Podfile.lock\" \"${PODS_ROOT}/Manifest.lock\" > /dev/null\nif [ $? != 0 ] ; then\n    # print error to STDERR\n    echo \"error: The sandbox is not in sync with the Podfile.lock. Run 'pod install' or update your CocoaPods installation.\" >&2\n    exit 1\nfi\n# This output is used by Xcode 'outputs' to avoid re-running this script phase.\necho \"SUCCESS\" > \"${SCRIPT_OUTPUT_FILE_0}\"\n";
			showEnvVarsInLog = 0;
		};
		E96975A31CCFD8CC00DC5852 /* ShellScript */ = {
			isa = PBXShellScriptBuildPhase;
			buildActionMask = 2147483647;
			files = (
			);
			inputPaths = (
			);
			outputPaths = (
			);
			runOnlyForDeploymentPostprocessing = 0;
			shellPath = /bin/sh;
			shellScript = "if which swiftlint >/dev/null; then\n    swiftlint\nelse\n    echo \"warning: SwiftLint not installed, download from https://github.com/realm/SwiftLint\"\nfi\n\"${PODS_ROOT}/Fabric/run\" efc65c559a127a0777cad18d56b945cb0fa4065b 677a17d4b1a55c6e8d08638341f4f3c4548d9029aa621ca3c235c2590a852314\n";
		};
/* End PBXShellScriptBuildPhase section */

/* Begin PBXSourcesBuildPhase section */
		E9F4C65D1CC52C19003DD8DC /* Sources */ = {
			isa = PBXSourcesBuildPhase;
			buildActionMask = 2147483647;
			files = (
				E9EA958B1CD4718F008F5535 /* NewProject.swift in Sources */,
				E95104E71CE714F500754A51 /* InitialViewController.swift in Sources */,
				E9BE0AC81CDCE91800E2CC13 /* List.swift in Sources */,
				E92DCF571CF9993B00D9E348 /* NewListTitleTableViewCell.swift in Sources */,
				E906403A1CE22F91008367F0 /* UIImage+String.swift in Sources */,
				E9749C971CCD075F00335B53 /* Scheduler.swift in Sources */,
				E93D82AC1E6338CC00A10D79 /* TaskTableViewController.swift in Sources */,
				E945E3371CEF5247002D1F01 /* NewTaskViewModel.swift in Sources */,
				E95A8BE01CF8AC3B002382AE /* ListOption.swift in Sources */,
				E94C848720EFC71700F5D487 /* ContactViewModel.swift in Sources */,
				E92DCF561CF9993B00D9E348 /* NewListColorTableViewCell.swift in Sources */,
				E95A8BDA1CF88533002382AE /* EditList.swift in Sources */,
				E9EE5D021CEA179B003D176B /* NewListTableViewController.swift in Sources */,
				E9A32F191E880F4700DAF9CC /* NewTaskTitleTableViewCell.swift in Sources */,
				E9E7A9D120F1B1F700ADAEAB /* SideMenuViewModel.swift in Sources */,
				E9A32F171E880F0900DAF9CC /* NewTaskDescriptionTableViewCell.swift in Sources */,
				E945E3411CF1F83E002D1F01 /* EditProjectTableViewController.swift in Sources */,
				E945E3391CEF52C1002D1F01 /* NewTask.swift in Sources */,
				E945E3491CF20328002D1F01 /* EditProject.swift in Sources */,
				E9BE0ACC1CDCE9C600E2CC13 /* ListsAction.swift in Sources */,
				E9EE5D001CE8D071003D176B /* UIViewController+Rx.swift in Sources */,
				E9E4FF041CC7C51700517729 /* SignInViewController.swift in Sources */,
				E9749C951CCBC6BD00335B53 /* ProjectsViewModel.swift in Sources */,
				E9C86B261CEB590800765615 /* NewListAction.swift in Sources */,
				E9571ADA1CD332FC007A819F /* ProjectsAction.swift in Sources */,
				E96975A21CCE78F000DC5852 /* Project.swift in Sources */,
				E93D82AE1E633DFF00A10D79 /* TaskViewModel.swift in Sources */,
				E9F4C6651CC52C19003DD8DC /* AppDelegate.swift in Sources */,
				E93D82B01E633E5800A10D79 /* TaskAction.swift in Sources */,
				E9571ADC1CD35E86007A819F /* NewProjectTableViewController.swift in Sources */,
				E9CF1D411CD8F72400BD5DDE /* RepositoryAction.swift in Sources */,
				E9BE0AC61CDCE87200E2CC13 /* ListsTableViewController.swift in Sources */,
				E9CF1D4B1CDA31EB00BD5DDE /* RepositoryCellViewModel.swift in Sources */,
				E945E3451CF1FEEF002D1F01 /* EditProjectViewModel.swift in Sources */,
				E94C848520EFC47C00F5D487 /* ContactViewController.swift in Sources */,
				E9EE5CFE1CE85E45003D176B /* ProjectsNavigationViewController.swift in Sources */,
				E945E33F1CF0CBF7002D1F01 /* ColorPickerViewModel.swift in Sources */,
				E96CC3CC1CD58F1F007DDB65 /* SignInViewModel.swift in Sources */,
				E9CF1D471CDA027C00BD5DDE /* RepositoriesTableViewController.swift in Sources */,
				E975D0BE1CDCF3B900F587CD /* Task.swift in Sources */,
				E93D82B91E65B8EB00A10D79 /* TaskDescriptionTableViewCell.swift in Sources */,
				E975D0BC1CDCEE4C00F587CD /* Lists.swift in Sources */,
				E95A8BD21CF75B45002382AE /* EditListActionTableViewCell.swift in Sources */,
				E945E34B1CF3547B002D1F01 /* EditProjectDescriptionTableViewCell.swift in Sources */,
				E975D0CF1CDDE9CC00F587CD /* ListSectionViewModel.swift in Sources */,
				E945E3431CF1F92D002D1F01 /* EditProjectTitleTableViewCell.swift in Sources */,
				E9CF1D491CDA0D8300BD5DDE /* RepositoryTableViewCell.swift in Sources */,
				E9571AE71CD3AB92007A819F /* NewProjectDescriptionTableViewCell.swift in Sources */,
				E9CF1D3F1CD8F10100BD5DDE /* Repository.swift in Sources */,
				E9571AE91CD3C4FD007A819F /* NewProjectAction.swift in Sources */,
				E945E33D1CF00575002D1F01 /* ColorPickerViewController.swift in Sources */,
				E95A8BCC1CF75849002382AE /* EditListTableViewController.swift in Sources */,
				E9EE5D0A1CEA2C10003D176B /* NewList.swift in Sources */,
				E9E4FF101CC7E06200517729 /* UIStoryboard+Fascia.swift in Sources */,
				E95A8BCE1CF75A61002382AE /* EditListTitleTableViewCell.swift in Sources */,
				E928659B1CD8DDC100D2EF07 /* HUDManager.swift in Sources */,
				E9F3974F1CDF92590078957B /* ContextMenuViewController.swift in Sources */,
				E96CC3CA1CD58E50007DDB65 /* SessionAction.swift in Sources */,
				E93D82B71E648C1100A10D79 /* TaskTitleTableViewCell.swift in Sources */,
				E945E3311CEE2025002D1F01 /* NewTaskTableViewController.swift in Sources */,
				E9EE5D081CEA2B98003D176B /* NewListViewModel.swift in Sources */,
				E975D0D11CDE434700F587CD /* ListVisibleAction.swift in Sources */,
				E9BE0ACA1CDCE96600E2CC13 /* ListsViewModel.swift in Sources */,
				E9571ADE1CD36781007A819F /* NewProjectViewModel.swift in Sources */,
				E9ABF2C91E5C86DD009459BB /* SessionService.swift in Sources */,
				E9CF1D451CD9FE7600BD5DDE /* NewProjectRepositoryTableViewCell.swift in Sources */,
				E95A8BDC1CF88902002382AE /* EditListAction.swift in Sources */,
				E9571AE11CD36B88007A819F /* ProjectTableViewCell.swift in Sources */,
				E95A8BD01CF75B1F002382AE /* EditListColorTableViewCell.swift in Sources */,
				E945E33B1CEF5A67002D1F01 /* NewTaskAction.swift in Sources */,
				E95A8BD61CF88356002382AE /* EditListViewModel.swift in Sources */,
				E9CF1D431CD9EE8B00BD5DDE /* RepositoriesViewModel.swift in Sources */,
				E9E4FF001CC68ED600517729 /* ProjectsTableViewController.swift in Sources */,
				E9E4FF071CC7DC2E00517729 /* FasciaAPIService.swift in Sources */,
				E95A8BDE1CF8ABD5002382AE /* ListOptionsAction.swift in Sources */,
				E96975A51CD1039B00DC5852 /* ProjectCellViewModel.swift in Sources */,
				E945E3471CF200DE002D1F01 /* EditProjectAction.swift in Sources */,
				E975D0C11CDDC23600F587CD /* TaskTableViewCell.swift in Sources */,
				E975D0CC1CDDE8DE00F587CD /* ListSectionTableViewCell.swift in Sources */,
				E92DCF531CF9992400D9E348 /* AddTaskTableViewCell.swift in Sources */,
				E9571AE31CD36BA8007A819F /* NewProjectTitleTableViewCell.swift in Sources */,
				E975D0C31CDDC4F000F587CD /* TaskCellViewModel.swift in Sources */,
				E9FB1D351CE78F3D00604026 /* SideMenuTableViewController.swift in Sources */,
			);
			runOnlyForDeploymentPostprocessing = 0;
		};
		E9F4C6711CC52C19003DD8DC /* Sources */ = {
			isa = PBXSourcesBuildPhase;
			buildActionMask = 2147483647;
			files = (
				E9F4C67A1CC52C19003DD8DC /* fascia_iosTests.swift in Sources */,
			);
			runOnlyForDeploymentPostprocessing = 0;
		};
/* End PBXSourcesBuildPhase section */

/* Begin PBXTargetDependency section */
		E9F4C6771CC52C19003DD8DC /* PBXTargetDependency */ = {
			isa = PBXTargetDependency;
			target = E9F4C6601CC52C19003DD8DC /* fascia-ios */;
			targetProxy = E9F4C6761CC52C19003DD8DC /* PBXContainerItemProxy */;
		};
/* End PBXTargetDependency section */

/* Begin XCBuildConfiguration section */
		E918BC0E1D040EEB00A0DAAD /* AdHoc */ = {
			isa = XCBuildConfiguration;
			buildSettings = {
				ALWAYS_SEARCH_USER_PATHS = NO;
				CLANG_ANALYZER_LOCALIZABILITY_NONLOCALIZED = YES;
				CLANG_ANALYZER_NONNULL = YES;
				CLANG_CXX_LANGUAGE_STANDARD = "gnu++0x";
				CLANG_CXX_LIBRARY = "libc++";
				CLANG_ENABLE_MODULES = YES;
				CLANG_ENABLE_OBJC_ARC = YES;
				CLANG_WARN_BLOCK_CAPTURE_AUTORELEASING = YES;
				CLANG_WARN_BOOL_CONVERSION = YES;
				CLANG_WARN_COMMA = YES;
				CLANG_WARN_CONSTANT_CONVERSION = YES;
				CLANG_WARN_DEPRECATED_OBJC_IMPLEMENTATIONS = YES;
				CLANG_WARN_DIRECT_OBJC_ISA_USAGE = YES_ERROR;
				CLANG_WARN_EMPTY_BODY = YES;
				CLANG_WARN_ENUM_CONVERSION = YES;
				CLANG_WARN_INFINITE_RECURSION = YES;
				CLANG_WARN_INT_CONVERSION = YES;
				CLANG_WARN_NON_LITERAL_NULL_CONVERSION = YES;
				CLANG_WARN_OBJC_IMPLICIT_RETAIN_SELF = YES;
				CLANG_WARN_OBJC_LITERAL_CONVERSION = YES;
				CLANG_WARN_OBJC_ROOT_CLASS = YES_ERROR;
				CLANG_WARN_RANGE_LOOP_ANALYSIS = YES;
				CLANG_WARN_STRICT_PROTOTYPES = YES;
				CLANG_WARN_SUSPICIOUS_MOVE = YES;
				CLANG_WARN_UNREACHABLE_CODE = YES;
				CLANG_WARN__DUPLICATE_METHOD_MATCH = YES;
				"CODE_SIGN_IDENTITY[sdk=iphoneos*]" = "iPhone Developer";
				COPY_PHASE_STRIP = NO;
				DEBUG_INFORMATION_FORMAT = "dwarf-with-dsym";
				ENABLE_NS_ASSERTIONS = NO;
				ENABLE_STRICT_OBJC_MSGSEND = YES;
				GCC_C_LANGUAGE_STANDARD = gnu99;
				GCC_NO_COMMON_BLOCKS = YES;
				GCC_WARN_64_TO_32_BIT_CONVERSION = YES;
				GCC_WARN_ABOUT_RETURN_TYPE = YES_ERROR;
				GCC_WARN_UNDECLARED_SELECTOR = YES;
				GCC_WARN_UNINITIALIZED_AUTOS = YES_AGGRESSIVE;
				GCC_WARN_UNUSED_FUNCTION = YES;
				GCC_WARN_UNUSED_VARIABLE = YES;
				IPHONEOS_DEPLOYMENT_TARGET = 11.0;
				MTL_ENABLE_DEBUG_INFO = NO;
				SDKROOT = iphoneos;
				VALIDATE_PRODUCT = YES;
			};
			name = AdHoc;
		};
		E918BC0F1D040EEB00A0DAAD /* AdHoc */ = {
			isa = XCBuildConfiguration;
			baseConfigurationReference = 098AA1D730A330C95AF7B4B4 /* Pods-fascia-ios.adhoc.xcconfig */;
			buildSettings = {
				ALWAYS_EMBED_SWIFT_STANDARD_LIBRARIES = "$(inherited)";
				ASSETCATALOG_COMPILER_APPICON_NAME = AppIcon;
				BUNDLE_NAME = Fascia;
				CODE_SIGN_IDENTITY = "iPhone Distribution: Akira Fukushima (HB4N6B2YVM)";
				"CODE_SIGN_IDENTITY[sdk=iphoneos*]" = "iPhone Distribution: Akira Fukushima (HB4N6B2YVM)";
				CURRENT_PROJECT_VERSION = 17;
				DEVELOPMENT_TEAM = HB4N6B2YVM;
				INFOPLIST_FILE = "fascia-ios/Info.plist";
				IPHONEOS_DEPLOYMENT_TARGET = 13.2;
				LD_RUNPATH_SEARCH_PATHS = "$(inherited) @executable_path/Frameworks";
				MARKETING_VERSION = 1.0.2;
				OTHER_SWIFT_FLAGS = "$(inherited) \"-D\" \"COCOAPODS\" \"-D\" \"ADHOC\"";
				PRODUCT_BUNDLE_IDENTIFIER = io.fascia;
				PRODUCT_NAME = "$(TARGET_NAME)";
				PROVISIONING_PROFILE = "da972408-8ca1-407c-b667-80ccf6e1fb11";
				PROVISIONING_PROFILE_SPECIFIER = FasciaAdHoc;
				SWIFT_SWIFT3_OBJC_INFERENCE = On;
				SWIFT_VERSION = 5.0;
			};
			name = AdHoc;
		};
		E918BC101D040EEB00A0DAAD /* AdHoc */ = {
			isa = XCBuildConfiguration;
			buildSettings = {
				BUNDLE_LOADER = "$(TEST_HOST)";
				INFOPLIST_FILE = "fascia-iosTests/Info.plist";
				LD_RUNPATH_SEARCH_PATHS = "$(inherited) @executable_path/Frameworks @loader_path/Frameworks";
				PRODUCT_BUNDLE_IDENTIFIER = "io.github.h3poteto.fascia-iosTests";
				PRODUCT_NAME = "$(TARGET_NAME)";
				SWIFT_SWIFT3_OBJC_INFERENCE = On;
				SWIFT_VERSION = 5.0;
				TEST_HOST = "$(BUILT_PRODUCTS_DIR)/fascia-ios.app/fascia-ios";
			};
			name = AdHoc;
		};
		E9F4C67C1CC52C19003DD8DC /* Debug */ = {
			isa = XCBuildConfiguration;
			buildSettings = {
				ALWAYS_SEARCH_USER_PATHS = NO;
				CLANG_ANALYZER_LOCALIZABILITY_NONLOCALIZED = YES;
				CLANG_ANALYZER_NONNULL = YES;
				CLANG_CXX_LANGUAGE_STANDARD = "gnu++0x";
				CLANG_CXX_LIBRARY = "libc++";
				CLANG_ENABLE_MODULES = YES;
				CLANG_ENABLE_OBJC_ARC = YES;
				CLANG_WARN_BLOCK_CAPTURE_AUTORELEASING = YES;
				CLANG_WARN_BOOL_CONVERSION = YES;
				CLANG_WARN_COMMA = YES;
				CLANG_WARN_CONSTANT_CONVERSION = YES;
				CLANG_WARN_DEPRECATED_OBJC_IMPLEMENTATIONS = YES;
				CLANG_WARN_DIRECT_OBJC_ISA_USAGE = YES_ERROR;
				CLANG_WARN_EMPTY_BODY = YES;
				CLANG_WARN_ENUM_CONVERSION = YES;
				CLANG_WARN_INFINITE_RECURSION = YES;
				CLANG_WARN_INT_CONVERSION = YES;
				CLANG_WARN_NON_LITERAL_NULL_CONVERSION = YES;
				CLANG_WARN_OBJC_IMPLICIT_RETAIN_SELF = YES;
				CLANG_WARN_OBJC_LITERAL_CONVERSION = YES;
				CLANG_WARN_OBJC_ROOT_CLASS = YES_ERROR;
				CLANG_WARN_RANGE_LOOP_ANALYSIS = YES;
				CLANG_WARN_STRICT_PROTOTYPES = YES;
				CLANG_WARN_SUSPICIOUS_MOVE = YES;
				CLANG_WARN_UNREACHABLE_CODE = YES;
				CLANG_WARN__DUPLICATE_METHOD_MATCH = YES;
				"CODE_SIGN_IDENTITY[sdk=iphoneos*]" = "iPhone Developer";
				COPY_PHASE_STRIP = NO;
				DEBUG_INFORMATION_FORMAT = dwarf;
				ENABLE_STRICT_OBJC_MSGSEND = YES;
				ENABLE_TESTABILITY = YES;
				GCC_C_LANGUAGE_STANDARD = gnu99;
				GCC_DYNAMIC_NO_PIC = NO;
				GCC_NO_COMMON_BLOCKS = YES;
				GCC_OPTIMIZATION_LEVEL = 0;
				GCC_PREPROCESSOR_DEFINITIONS = (
					"DEBUG=1",
					"$(inherited)",
				);
				GCC_WARN_64_TO_32_BIT_CONVERSION = YES;
				GCC_WARN_ABOUT_RETURN_TYPE = YES_ERROR;
				GCC_WARN_UNDECLARED_SELECTOR = YES;
				GCC_WARN_UNINITIALIZED_AUTOS = YES_AGGRESSIVE;
				GCC_WARN_UNUSED_FUNCTION = YES;
				GCC_WARN_UNUSED_VARIABLE = YES;
				IPHONEOS_DEPLOYMENT_TARGET = 11.0;
				MTL_ENABLE_DEBUG_INFO = YES;
				ONLY_ACTIVE_ARCH = YES;
				SDKROOT = iphoneos;
				SWIFT_OPTIMIZATION_LEVEL = "-Onone";
			};
			name = Debug;
		};
		E9F4C67D1CC52C19003DD8DC /* Release */ = {
			isa = XCBuildConfiguration;
			buildSettings = {
				ALWAYS_SEARCH_USER_PATHS = NO;
				CLANG_ANALYZER_LOCALIZABILITY_NONLOCALIZED = YES;
				CLANG_ANALYZER_NONNULL = YES;
				CLANG_CXX_LANGUAGE_STANDARD = "gnu++0x";
				CLANG_CXX_LIBRARY = "libc++";
				CLANG_ENABLE_MODULES = YES;
				CLANG_ENABLE_OBJC_ARC = YES;
				CLANG_WARN_BLOCK_CAPTURE_AUTORELEASING = YES;
				CLANG_WARN_BOOL_CONVERSION = YES;
				CLANG_WARN_COMMA = YES;
				CLANG_WARN_CONSTANT_CONVERSION = YES;
				CLANG_WARN_DEPRECATED_OBJC_IMPLEMENTATIONS = YES;
				CLANG_WARN_DIRECT_OBJC_ISA_USAGE = YES_ERROR;
				CLANG_WARN_EMPTY_BODY = YES;
				CLANG_WARN_ENUM_CONVERSION = YES;
				CLANG_WARN_INFINITE_RECURSION = YES;
				CLANG_WARN_INT_CONVERSION = YES;
				CLANG_WARN_NON_LITERAL_NULL_CONVERSION = YES;
				CLANG_WARN_OBJC_IMPLICIT_RETAIN_SELF = YES;
				CLANG_WARN_OBJC_LITERAL_CONVERSION = YES;
				CLANG_WARN_OBJC_ROOT_CLASS = YES_ERROR;
				CLANG_WARN_RANGE_LOOP_ANALYSIS = YES;
				CLANG_WARN_STRICT_PROTOTYPES = YES;
				CLANG_WARN_SUSPICIOUS_MOVE = YES;
				CLANG_WARN_UNREACHABLE_CODE = YES;
				CLANG_WARN__DUPLICATE_METHOD_MATCH = YES;
				"CODE_SIGN_IDENTITY[sdk=iphoneos*]" = "iPhone Developer";
				COPY_PHASE_STRIP = NO;
				DEBUG_INFORMATION_FORMAT = "dwarf-with-dsym";
				ENABLE_NS_ASSERTIONS = NO;
				ENABLE_STRICT_OBJC_MSGSEND = YES;
				GCC_C_LANGUAGE_STANDARD = gnu99;
				GCC_NO_COMMON_BLOCKS = YES;
				GCC_WARN_64_TO_32_BIT_CONVERSION = YES;
				GCC_WARN_ABOUT_RETURN_TYPE = YES_ERROR;
				GCC_WARN_UNDECLARED_SELECTOR = YES;
				GCC_WARN_UNINITIALIZED_AUTOS = YES_AGGRESSIVE;
				GCC_WARN_UNUSED_FUNCTION = YES;
				GCC_WARN_UNUSED_VARIABLE = YES;
				IPHONEOS_DEPLOYMENT_TARGET = 11.0;
				MTL_ENABLE_DEBUG_INFO = NO;
				SDKROOT = iphoneos;
				SWIFT_OPTIMIZATION_LEVEL = "-Owholemodule";
				VALIDATE_PRODUCT = YES;
			};
			name = Release;
		};
		E9F4C67F1CC52C19003DD8DC /* Debug */ = {
			isa = XCBuildConfiguration;
			baseConfigurationReference = 67AD5B1E44C7EB47CEA7BB03 /* Pods-fascia-ios.debug.xcconfig */;
			buildSettings = {
				ALWAYS_EMBED_SWIFT_STANDARD_LIBRARIES = "$(inherited)";
				ASSETCATALOG_COMPILER_APPICON_NAME = AppIcon;
				BUNDLE_NAME = FasciaDev;
				CODE_SIGN_IDENTITY = "";
				"CODE_SIGN_IDENTITY[sdk=iphoneos*]" = "";
				CURRENT_PROJECT_VERSION = 17;
				DEBUG_INFORMATION_FORMAT = "dwarf-with-dsym";
				INFOPLIST_FILE = "fascia-ios/Info.plist";
				IPHONEOS_DEPLOYMENT_TARGET = 13.2;
				LD_RUNPATH_SEARCH_PATHS = "$(inherited) @executable_path/Frameworks";
				MARKETING_VERSION = 1.0.2;
				OTHER_SWIFT_FLAGS = "$(inherited) \"-D\" \"COCOAPODS\" \"-D\" \"DEBUG\"";
				PRODUCT_BUNDLE_IDENTIFIER = io.fascia.dev;
				PRODUCT_NAME = "$(TARGET_NAME)";
				PROVISIONING_PROFILE = "";
				SWIFT_SWIFT3_OBJC_INFERENCE = On;
				SWIFT_VERSION = 5.0;
			};
			name = Debug;
		};
		E9F4C6801CC52C19003DD8DC /* Release */ = {
			isa = XCBuildConfiguration;
			baseConfigurationReference = 500F9BE1C0E6F2F088F98868 /* Pods-fascia-ios.release.xcconfig */;
			buildSettings = {
				ALWAYS_EMBED_SWIFT_STANDARD_LIBRARIES = "$(inherited)";
				ASSETCATALOG_COMPILER_APPICON_NAME = AppIcon;
				BUNDLE_NAME = Fascia;
				CODE_SIGN_IDENTITY = "iPhone Distribution: Akira Fukushima (HB4N6B2YVM)";
				"CODE_SIGN_IDENTITY[sdk=iphoneos*]" = "iPhone Distribution: Akira Fukushima (HB4N6B2YVM)";
				CURRENT_PROJECT_VERSION = 17;
				DEVELOPMENT_TEAM = HB4N6B2YVM;
				INFOPLIST_FILE = "fascia-ios/Info.plist";
				IPHONEOS_DEPLOYMENT_TARGET = 13.2;
				LD_RUNPATH_SEARCH_PATHS = "$(inherited) @executable_path/Frameworks";
				MARKETING_VERSION = 1.0.2;
				OTHER_SWIFT_FLAGS = "$(inherited) \"-D\" \"COCOAPODS\" \"-D\" \"RELEASE\"";
				PRODUCT_BUNDLE_IDENTIFIER = io.fascia;
				PRODUCT_NAME = "$(TARGET_NAME)";
				PROVISIONING_PROFILE = "9e0a367a-5e89-48de-b63b-0430fd25422e";
				PROVISIONING_PROFILE_SPECIFIER = FasciaAppStore;
				SWIFT_SWIFT3_OBJC_INFERENCE = On;
				SWIFT_VERSION = 5.0;
			};
			name = Release;
		};
		E9F4C6821CC52C19003DD8DC /* Debug */ = {
			isa = XCBuildConfiguration;
			buildSettings = {
				BUNDLE_LOADER = "$(TEST_HOST)";
				INFOPLIST_FILE = "fascia-iosTests/Info.plist";
				LD_RUNPATH_SEARCH_PATHS = "$(inherited) @executable_path/Frameworks @loader_path/Frameworks";
				PRODUCT_BUNDLE_IDENTIFIER = "io.github.h3poteto.fascia-iosTests";
				PRODUCT_NAME = "$(TARGET_NAME)";
				SWIFT_SWIFT3_OBJC_INFERENCE = On;
				SWIFT_VERSION = 5.0;
				TEST_HOST = "$(BUILT_PRODUCTS_DIR)/fascia-ios.app/fascia-ios";
			};
			name = Debug;
		};
		E9F4C6831CC52C19003DD8DC /* Release */ = {
			isa = XCBuildConfiguration;
			buildSettings = {
				BUNDLE_LOADER = "$(TEST_HOST)";
				INFOPLIST_FILE = "fascia-iosTests/Info.plist";
				LD_RUNPATH_SEARCH_PATHS = "$(inherited) @executable_path/Frameworks @loader_path/Frameworks";
				PRODUCT_BUNDLE_IDENTIFIER = "io.github.h3poteto.fascia-iosTests";
				PRODUCT_NAME = "$(TARGET_NAME)";
				SWIFT_SWIFT3_OBJC_INFERENCE = On;
				SWIFT_VERSION = 5.0;
				TEST_HOST = "$(BUILT_PRODUCTS_DIR)/fascia-ios.app/fascia-ios";
			};
			name = Release;
		};
/* End XCBuildConfiguration section */

/* Begin XCConfigurationList section */
		E9F4C65C1CC52C19003DD8DC /* Build configuration list for PBXProject "fascia-ios" */ = {
			isa = XCConfigurationList;
			buildConfigurations = (
				E9F4C67C1CC52C19003DD8DC /* Debug */,
				E9F4C67D1CC52C19003DD8DC /* Release */,
				E918BC0E1D040EEB00A0DAAD /* AdHoc */,
			);
			defaultConfigurationIsVisible = 0;
			defaultConfigurationName = Release;
		};
		E9F4C67E1CC52C19003DD8DC /* Build configuration list for PBXNativeTarget "fascia-ios" */ = {
			isa = XCConfigurationList;
			buildConfigurations = (
				E9F4C67F1CC52C19003DD8DC /* Debug */,
				E9F4C6801CC52C19003DD8DC /* Release */,
				E918BC0F1D040EEB00A0DAAD /* AdHoc */,
			);
			defaultConfigurationIsVisible = 0;
			defaultConfigurationName = Release;
		};
		E9F4C6811CC52C19003DD8DC /* Build configuration list for PBXNativeTarget "fascia-iosTests" */ = {
			isa = XCConfigurationList;
			buildConfigurations = (
				E9F4C6821CC52C19003DD8DC /* Debug */,
				E9F4C6831CC52C19003DD8DC /* Release */,
				E918BC101D040EEB00A0DAAD /* AdHoc */,
			);
			defaultConfigurationIsVisible = 0;
			defaultConfigurationName = Release;
		};
/* End XCConfigurationList section */
	};
	rootObject = E9F4C6591CC52C19003DD8DC /* Project object */;
}
